
Microsoft Visual Studio Solution File, Format Version 12.00
# Visual Studio Version 17
VisualStudioVersion = 17.5.002.0
MinimumVisualStudioVersion = 10.0.40219.1
Project("{9A19103F-16F7-4668-BE54-9A1E7A4F7556}") = "MvcMovie", "MvcMovie.csproj", "{3CC914A1-027F-48A8-ADDB-CD6DA2B0B37E}"
EndProject
Global
	GlobalSection(SolutionConfigurationPlatforms) = preSolution
		Debug|Any CPU = Debug|Any CPU
		Release|Any CPU = Release|Any CPU
	EndGlobalSection
	GlobalSection(ProjectConfigurationPlatforms) = postSolution
		{3CC914A1-027F-48A8-ADDB-CD6DA2B0B37E}.Debug|Any CPU.ActiveCfg = Debug|Any CPU
		{3CC914A1-027F-48A8-ADDB-CD6DA2B0B37E}.Debug|Any CPU.Build.0 = Debug|Any CPU
		{3CC914A1-027F-48A8-ADDB-CD6DA2B0B37E}.Release|Any CPU.ActiveCfg = Release|Any CPU
		{3CC914A1-027F-48A8-ADDB-CD6DA2B0B37E}.Release|Any CPU.Build.0 = Release|Any CPU
	EndGlobalSection
	GlobalSection(SolutionProperties) = preSolution
		HideSolutionNode = FALSE
	EndGlobalSection
	GlobalSection(ExtensibilityGlobals) = postSolution
		SolutionGuid = {1C7D7789-7D53-43B6-A78F-D30255B0EA2B}
	EndGlobalSection
EndGlobal
